{
  "name": "audio-journey",
  "version": "0.0.1",
  "lockfileVersion": 1,
  "requires": true,
  "dependencies": {
    "howler": {
      "version": "2.1.2"
    },
    "p5": {
      "version": "0.8.0",
      "resolved": "https://registry.npmjs.org/p5/-/p5-0.8.0.tgz",
      "integrity": "sha512-X415HATmOwcbWpgXTCHyDNdcGTNuzuZFaW9GoOsZd3PFrTmugdf+xLr9AO+rGHxBOFgdqfaj766vJeH1wPkCrQ=="
    },
    "sounds": {
      "version": "1.0.2"
    }
  }
}
