# THIS IS AN AUTOGENERATED FILE. DO NOT EDIT THIS FILE DIRECTLY.
# yarn lockfile v1


howler@^2.1.2:
  version "2.1.2"
  resolved "https://registry.yarnpkg.com/howler/-/howler-2.1.2.tgz#8433a09d8fe84132a3e726e05cb2bd352ef8bd49"

sounds@^1.0.2:
  version "1.0.2"
  resolved "https://registry.yarnpkg.com/sounds/-/sounds-1.0.2.tgz#8d561b70089233300118f710fbf5f2dcf8dd8951"
